// !$*UTF8*$!
{
	archiveVersion = 1;
	classes = {
	};
	objectVersion = 55;
	objects = {

/* Begin PBXBuildFile section */
		97103FDF2960E90E001ED964 /* App+Model.swift in Sources */ = {isa = PBXBuildFile; fileRef = 97103FDE2960E90E001ED964 /* App+Model.swift */; };
		9716086A29759F7900E4A704 /* Search+StringBuilder.swift in Sources */ = {isa = PBXBuildFile; fileRef = 9716086929759F7900E4A704 /* Search+StringBuilder.swift */; };
		9730C35B29719D8900BEFF0E /* FolderToolbar+View.swift in Sources */ = {isa = PBXBuildFile; fileRef = 9730C35A29719D8900BEFF0E /* FolderToolbar+View.swift */; };
		9730C35E29719E3100BEFF0E /* FolderToolbar+Model.swift in Sources */ = {isa = PBXBuildFile; fileRef = 9730C35D29719E3100BEFF0E /* FolderToolbar+Model.swift */; };
		9730C3632971C33900BEFF0E /* FolderEditSheet.swift in Sources */ = {isa = PBXBuildFile; fileRef = 9730C3622971C33900BEFF0E /* FolderEditSheet.swift */; };
		9752E1A42976DFE60031EE4E /* Search2.swift in Sources */ = {isa = PBXBuildFile; fileRef = 9752E1A32976DFE60031EE4E /* Search2.swift */; };
		976D696C296E0BC3001879CA /* SwiftUI+Helpers.swift in Sources */ = {isa = PBXBuildFile; fileRef = 976D696B296E0BC3001879CA /* SwiftUI+Helpers.swift */; };
		977322BB295CB40C0059B309 /* App+View.swift in Sources */ = {isa = PBXBuildFile; fileRef = 977322BA295CB40C0059B309 /* App+View.swift */; };
		977394E9295F842700A8311F /* Auth+Model.swift in Sources */ = {isa = PBXBuildFile; fileRef = 977394E8295F842700A8311F /* Auth+Model.swift */; };
		977394EB295F842E00A8311F /* Auth+View.swift in Sources */ = {isa = PBXBuildFile; fileRef = 977394EA295F842E00A8311F /* Auth+View.swift */; };
		977394EF295F874D00A8311F /* UserSheet.swift in Sources */ = {isa = PBXBuildFile; fileRef = 977394EE295F874D00A8311F /* UserSheet.swift */; };
		97775084297855120072EB0D /* RenameAlert.swift in Sources */ = {isa = PBXBuildFile; fileRef = 97775083297855120072EB0D /* RenameAlert.swift */; };
		97EB457D2965F4AA00018ADF /* IdentifiedCollections in Frameworks */ = {isa = PBXBuildFile; productRef = 97EB457C2965F4AA00018ADF /* IdentifiedCollections */; };
		97EB45802966064200018ADF /* Tagged in Frameworks */ = {isa = PBXBuildFile; productRef = 97EB457F2966064200018ADF /* Tagged */; };
		97F0897A2971EDF90032501F /* MockData.swift in Sources */ = {isa = PBXBuildFile; fileRef = 97F089792971EDF90032501F /* MockData.swift */; };
		97F0897D29746CC00032501F /* Search.swift in Sources */ = {isa = PBXBuildFile; fileRef = 97F0897C29746CC00032501F /* Search.swift */; };
		97F27B0E295F4034008FB09B /* SwiftUINavigation in Frameworks */ = {isa = PBXBuildFile; productRef = 97F27B0D295F4034008FB09B /* SwiftUINavigation */; };
		97F27B10295F4034008FB09B /* _SwiftUINavigationState in Frameworks */ = {isa = PBXBuildFile; productRef = 97F27B0F295F4034008FB09B /* _SwiftUINavigationState */; };
		97F27B14295F43BF008FB09B /* Folder+View.swift in Sources */ = {isa = PBXBuildFile; fileRef = 97F27B13295F43BF008FB09B /* Folder+View.swift */; };
		97F27B18295F6FB7008FB09B /* Home+View.swift in Sources */ = {isa = PBXBuildFile; fileRef = 97F27B17295F6FB7008FB09B /* Home+View.swift */; };
		97F27B1D295F7688008FB09B /* Note+View.swift in Sources */ = {isa = PBXBuildFile; fileRef = 97F27B1C295F7688008FB09B /* Note+View.swift */; };
		97F27B1F295F7690008FB09B /* Note+Model.swift in Sources */ = {isa = PBXBuildFile; fileRef = 97F27B1E295F7690008FB09B /* Note+Model.swift */; };
		97F27B21295F76CA008FB09B /* Folder+Model.swift in Sources */ = {isa = PBXBuildFile; fileRef = 97F27B20295F76CA008FB09B /* Folder+Model.swift */; };
		97F27B23295F7771008FB09B /* Home+Model.swift in Sources */ = {isa = PBXBuildFile; fileRef = 97F27B22295F7771008FB09B /* Home+Model.swift */; };
		97F8F1D82948F3C100F3B9CB /* Main.swift in Sources */ = {isa = PBXBuildFile; fileRef = 97F8F1D72948F3C100F3B9CB /* Main.swift */; };
		97F8F1DC2948F3C400F3B9CB /* Assets.xcassets in Resources */ = {isa = PBXBuildFile; fileRef = 97F8F1DB2948F3C400F3B9CB /* Assets.xcassets */; };
		97F8F1DF2948F3C400F3B9CB /* Preview Assets.xcassets in Resources */ = {isa = PBXBuildFile; fileRef = 97F8F1DE2948F3C400F3B9CB /* Preview Assets.xcassets */; };
/* End PBXBuildFile section */

/* Begin PBXFileReference section */
		97103FDE2960E90E001ED964 /* App+Model.swift */ = {isa = PBXFileReference; lastKnownFileType = sourcecode.swift; path = "App+Model.swift"; sourceTree = "<group>"; };
		9716086929759F7900E4A704 /* Search+StringBuilder.swift */ = {isa = PBXFileReference; lastKnownFileType = sourcecode.swift; path = "Search+StringBuilder.swift"; sourceTree = "<group>"; };
		9730C35A29719D8900BEFF0E /* FolderToolbar+View.swift */ = {isa = PBXFileReference; lastKnownFileType = sourcecode.swift; path = "FolderToolbar+View.swift"; sourceTree = "<group>"; };
		9730C35D29719E3100BEFF0E /* FolderToolbar+Model.swift */ = {isa = PBXFileReference; lastKnownFileType = sourcecode.swift; path = "FolderToolbar+Model.swift"; sourceTree = "<group>"; };
		9730C3622971C33900BEFF0E /* FolderEditSheet.swift */ = {isa = PBXFileReference; lastKnownFileType = sourcecode.swift; path = FolderEditSheet.swift; sourceTree = "<group>"; };
		9752E1A32976DFE60031EE4E /* Search2.swift */ = {isa = PBXFileReference; lastKnownFileType = sourcecode.swift; path = Search2.swift; sourceTree = "<group>"; };
		976D696B296E0BC3001879CA /* SwiftUI+Helpers.swift */ = {isa = PBXFileReference; lastKnownFileType = sourcecode.swift; path = "SwiftUI+Helpers.swift"; sourceTree = "<group>"; };
		977322BA295CB40C0059B309 /* App+View.swift */ = {isa = PBXFileReference; lastKnownFileType = sourcecode.swift; path = "App+View.swift"; sourceTree = "<group>"; };
		977394E8295F842700A8311F /* Auth+Model.swift */ = {isa = PBXFileReference; lastKnownFileType = sourcecode.swift; path = "Auth+Model.swift"; sourceTree = "<group>"; };
		977394EA295F842E00A8311F /* Auth+View.swift */ = {isa = PBXFileReference; lastKnownFileType = sourcecode.swift; path = "Auth+View.swift"; sourceTree = "<group>"; };
		977394EE295F874D00A8311F /* UserSheet.swift */ = {isa = PBXFileReference; lastKnownFileType = sourcecode.swift; path = UserSheet.swift; sourceTree = "<group>"; };
		97775083297855120072EB0D /* RenameAlert.swift */ = {isa = PBXFileReference; lastKnownFileType = sourcecode.swift; path = RenameAlert.swift; sourceTree = "<group>"; };
		97F089792971EDF90032501F /* MockData.swift */ = {isa = PBXFileReference; lastKnownFileType = sourcecode.swift; path = MockData.swift; sourceTree = "<group>"; };
		97F0897C29746CC00032501F /* Search.swift */ = {isa = PBXFileReference; lastKnownFileType = sourcecode.swift; path = Search.swift; sourceTree = "<group>"; };
		97F27B13295F43BF008FB09B /* Folder+View.swift */ = {isa = PBXFileReference; lastKnownFileType = sourcecode.swift; path = "Folder+View.swift"; sourceTree = "<group>"; };
		97F27B17295F6FB7008FB09B /* Home+View.swift */ = {isa = PBXFileReference; lastKnownFileType = sourcecode.swift; path = "Home+View.swift"; sourceTree = "<group>"; };
		97F27B1C295F7688008FB09B /* Note+View.swift */ = {isa = PBXFileReference; lastKnownFileType = sourcecode.swift; path = "Note+View.swift"; sourceTree = "<group>"; };
		97F27B1E295F7690008FB09B /* Note+Model.swift */ = {isa = PBXFileReference; lastKnownFileType = sourcecode.swift; path = "Note+Model.swift"; sourceTree = "<group>"; };
		97F27B20295F76CA008FB09B /* Folder+Model.swift */ = {isa = PBXFileReference; lastKnownFileType = sourcecode.swift; path = "Folder+Model.swift"; sourceTree = "<group>"; };
		97F27B22295F7771008FB09B /* Home+Model.swift */ = {isa = PBXFileReference; lastKnownFileType = sourcecode.swift; path = "Home+Model.swift"; sourceTree = "<group>"; };
		97F8F1D42948F3C100F3B9CB /* FireNotes.app */ = {isa = PBXFileReference; explicitFileType = wrapper.application; includeInIndex = 0; path = FireNotes.app; sourceTree = BUILT_PRODUCTS_DIR; };
		97F8F1D72948F3C100F3B9CB /* Main.swift */ = {isa = PBXFileReference; lastKnownFileType = sourcecode.swift; path = Main.swift; sourceTree = "<group>"; };
		97F8F1DB2948F3C400F3B9CB /* Assets.xcassets */ = {isa = PBXFileReference; lastKnownFileType = folder.assetcatalog; path = Assets.xcassets; sourceTree = "<group>"; };
		97F8F1DE2948F3C400F3B9CB /* Preview Assets.xcassets */ = {isa = PBXFileReference; lastKnownFileType = folder.assetcatalog; path = "Preview Assets.xcassets"; sourceTree = "<group>"; };
/* End PBXFileReference section */

/* Begin PBXFrameworksBuildPhase section */
		97F8F1D12948F3C100F3B9CB /* Frameworks */ = {
			isa = PBXFrameworksBuildPhase;
			buildActionMask = 2147483647;
			files = (
				97EB457D2965F4AA00018ADF /* IdentifiedCollections in Frameworks */,
				97F27B10295F4034008FB09B /* _SwiftUINavigationState in Frameworks */,
				97EB45802966064200018ADF /* Tagged in Frameworks */,
				97F27B0E295F4034008FB09B /* SwiftUINavigation in Frameworks */,
			);
			runOnlyForDeploymentPostprocessing = 0;
		};
/* End PBXFrameworksBuildPhase section */

/* Begin PBXGroup section */
		97103FDD2960E8FA001ED964 /* AppFeature */ = {
			isa = PBXGroup;
			children = (
				977322BA295CB40C0059B309 /* App+View.swift */,
				97103FDE2960E90E001ED964 /* App+Model.swift */,
			);
			path = AppFeature;
			sourceTree = "<group>";
		};
		9730C35C29719D8D00BEFF0E /* FolderToolbarFeature */ = {
			isa = PBXGroup;
			children = (
				9730C35A29719D8900BEFF0E /* FolderToolbar+View.swift */,
				9730C35D29719E3100BEFF0E /* FolderToolbar+Model.swift */,
			);
			path = FolderToolbarFeature;
			sourceTree = "<group>";
		};
		9730C3612971C32B00BEFF0E /* FolderEditSheetFeature */ = {
			isa = PBXGroup;
			children = (
				9730C3622971C33900BEFF0E /* FolderEditSheet.swift */,
			);
			path = FolderEditSheetFeature;
			sourceTree = "<group>";
		};
		977394E7295F841C00A8311F /* AuthFeature */ = {
			isa = PBXGroup;
			children = (
				977394EA295F842E00A8311F /* Auth+View.swift */,
				977394E8295F842700A8311F /* Auth+Model.swift */,
			);
			path = AuthFeature;
			sourceTree = "<group>";
		};
		977394F0295F875900A8311F /* Common */ = {
			isa = PBXGroup;
			children = (
				977394EE295F874D00A8311F /* UserSheet.swift */,
				976D696B296E0BC3001879CA /* SwiftUI+Helpers.swift */,
				97F089792971EDF90032501F /* MockData.swift */,
			);
			path = Common;
			sourceTree = "<group>";
		};
		97F0897B29746CAC0032501F /* Search */ = {
			isa = PBXGroup;
			children = (
				97F0897C29746CC00032501F /* Search.swift */,
				9716086929759F7900E4A704 /* Search+StringBuilder.swift */,
				9752E1A32976DFE60031EE4E /* Search2.swift */,
			);
			path = Search;
			sourceTree = "<group>";
		};
		97F27B19295F7633008FB09B /* NoteFeature */ = {
			isa = PBXGroup;
			children = (
				97F27B1C295F7688008FB09B /* Note+View.swift */,
				97F27B1E295F7690008FB09B /* Note+Model.swift */,
			);
			path = NoteFeature;
			sourceTree = "<group>";
		};
		97F27B1A295F7641008FB09B /* FolderFeature */ = {
			isa = PBXGroup;
			children = (
				97F27B13295F43BF008FB09B /* Folder+View.swift */,
				97F27B20295F76CA008FB09B /* Folder+Model.swift */,
				97775083297855120072EB0D /* RenameAlert.swift */,
				9730C3612971C32B00BEFF0E /* FolderEditSheetFeature */,
				9730C35C29719D8D00BEFF0E /* FolderToolbarFeature */,
			);
			path = FolderFeature;
			sourceTree = "<group>";
		};
		97F27B1B295F7662008FB09B /* HomeFeature */ = {
			isa = PBXGroup;
			children = (
				97F27B17295F6FB7008FB09B /* Home+View.swift */,
				97F27B22295F7771008FB09B /* Home+Model.swift */,
			);
			path = HomeFeature;
			sourceTree = "<group>";
		};
		97F8F1CB2948F3C100F3B9CB = {
			isa = PBXGroup;
			children = (
				97F8F1D62948F3C100F3B9CB /* FireNotes */,
				97F8F1D52948F3C100F3B9CB /* Products */,
			);
			sourceTree = "<group>";
		};
		97F8F1D52948F3C100F3B9CB /* Products */ = {
			isa = PBXGroup;
			children = (
				97F8F1D42948F3C100F3B9CB /* FireNotes.app */,
			);
			name = Products;
			sourceTree = "<group>";
		};
		97F8F1D62948F3C100F3B9CB /* FireNotes */ = {
			isa = PBXGroup;
			children = (
				97F8F1D72948F3C100F3B9CB /* Main.swift */,
				97103FDD2960E8FA001ED964 /* AppFeature */,
				977394E7295F841C00A8311F /* AuthFeature */,
				97F27B1B295F7662008FB09B /* HomeFeature */,
				97F27B1A295F7641008FB09B /* FolderFeature */,
				97F27B19295F7633008FB09B /* NoteFeature */,
				97F0897B29746CAC0032501F /* Search */,
				977394F0295F875900A8311F /* Common */,
				97F8F1DB2948F3C400F3B9CB /* Assets.xcassets */,
				97F8F1DD2948F3C400F3B9CB /* Preview Content */,
			);
			path = FireNotes;
			sourceTree = "<group>";
		};
		97F8F1DD2948F3C400F3B9CB /* Preview Content */ = {
			isa = PBXGroup;
			children = (
				97F8F1DE2948F3C400F3B9CB /* Preview Assets.xcassets */,
			);
			path = "Preview Content";
			sourceTree = "<group>";
		};
/* End PBXGroup section */

/* Begin PBXNativeTarget section */
		97F8F1D32948F3C100F3B9CB /* FireNotes */ = {
			isa = PBXNativeTarget;
			buildConfigurationList = 97F8F1E22948F3C400F3B9CB /* Build configuration list for PBXNativeTarget "FireNotes" */;
			buildPhases = (
				97F8F1D02948F3C100F3B9CB /* Sources */,
				97F8F1D12948F3C100F3B9CB /* Frameworks */,
				97F8F1D22948F3C100F3B9CB /* Resources */,
			);
			buildRules = (
			);
			dependencies = (
			);
			name = FireNotes;
			packageProductDependencies = (
				97F27B0D295F4034008FB09B /* SwiftUINavigation */,
				97F27B0F295F4034008FB09B /* _SwiftUINavigationState */,
				97EB457C2965F4AA00018ADF /* IdentifiedCollections */,
				97EB457F2966064200018ADF /* Tagged */,
			);
			productName = FireNotes;
			productReference = 97F8F1D42948F3C100F3B9CB /* FireNotes.app */;
			productType = "com.apple.product-type.application";
		};
/* End PBXNativeTarget section */

/* Begin PBXProject section */
		97F8F1CC2948F3C100F3B9CB /* Project object */ = {
			isa = PBXProject;
			attributes = {
				BuildIndependentTargetsInParallel = 1;
				LastSwiftUpdateCheck = 1330;
				LastUpgradeCheck = 1330;
				TargetAttributes = {
					97F8F1D32948F3C100F3B9CB = {
						CreatedOnToolsVersion = 13.3.1;
					};
				};
			};
			buildConfigurationList = 97F8F1CF2948F3C100F3B9CB /* Build configuration list for PBXProject "FireNotes" */;
			compatibilityVersion = "Xcode 13.0";
			developmentRegion = en;
			hasScannedForEncodings = 0;
			knownRegions = (
				en,
				Base,
			);
			mainGroup = 97F8F1CB2948F3C100F3B9CB;
			packageReferences = (
				97F27B0C295F4034008FB09B /* XCRemoteSwiftPackageReference "swiftui-navigation" */,
				97EB457B2965F4AA00018ADF /* XCRemoteSwiftPackageReference "swift-identified-collections" */,
				97EB457E2966064200018ADF /* XCRemoteSwiftPackageReference "swift-tagged" */,
			);
			productRefGroup = 97F8F1D52948F3C100F3B9CB /* Products */;
			projectDirPath = "";
			projectRoot = "";
			targets = (
				97F8F1D32948F3C100F3B9CB /* FireNotes */,
			);
		};
/* End PBXProject section */

/* Begin PBXResourcesBuildPhase section */
		97F8F1D22948F3C100F3B9CB /* Resources */ = {
			isa = PBXResourcesBuildPhase;
			buildActionMask = 2147483647;
			files = (
				97F8F1DF2948F3C400F3B9CB /* Preview Assets.xcassets in Resources */,
				97F8F1DC2948F3C400F3B9CB /* Assets.xcassets in Resources */,
			);
			runOnlyForDeploymentPostprocessing = 0;
		};
/* End PBXResourcesBuildPhase section */

/* Begin PBXSourcesBuildPhase section */
		97F8F1D02948F3C100F3B9CB /* Sources */ = {
			isa = PBXSourcesBuildPhase;
			buildActionMask = 2147483647;
			files = (
				977322BB295CB40C0059B309 /* App+View.swift in Sources */,
				97103FDF2960E90E001ED964 /* App+Model.swift in Sources */,
				97F8F1D82948F3C100F3B9CB /* Main.swift in Sources */,
				9716086A29759F7900E4A704 /* Search+StringBuilder.swift in Sources */,
				97775084297855120072EB0D /* RenameAlert.swift in Sources */,
				97F0897A2971EDF90032501F /* MockData.swift in Sources */,
				97F27B18295F6FB7008FB09B /* Home+View.swift in Sources */,
				97F27B14295F43BF008FB09B /* Folder+View.swift in Sources */,
				9730C35B29719D8900BEFF0E /* FolderToolbar+View.swift in Sources */,
				977394EB295F842E00A8311F /* Auth+View.swift in Sources */,
				97F27B21295F76CA008FB09B /* Folder+Model.swift in Sources */,
				97F0897D29746CC00032501F /* Search.swift in Sources */,
				97F27B1F295F7690008FB09B /* Note+Model.swift in Sources */,
				97F27B23295F7771008FB09B /* Home+Model.swift in Sources */,
				97F27B1D295F7688008FB09B /* Note+View.swift in Sources */,
				9730C3632971C33900BEFF0E /* FolderEditSheet.swift in Sources */,
				976D696C296E0BC3001879CA /* SwiftUI+Helpers.swift in Sources */,
				9752E1A42976DFE60031EE4E /* Search2.swift in Sources */,
				9730C35E29719E3100BEFF0E /* FolderToolbar+Model.swift in Sources */,
				977394EF295F874D00A8311F /* UserSheet.swift in Sources */,
				977394E9295F842700A8311F /* Auth+Model.swift in Sources */,
			);
			runOnlyForDeploymentPostprocessing = 0;
		};
/* End PBXSourcesBuildPhase section */

/* Begin XCBuildConfiguration section */
		97F8F1E02948F3C400F3B9CB /* Debug */ = {
			isa = XCBuildConfiguration;
			buildSettings = {
				ALWAYS_SEARCH_USER_PATHS = NO;
				CLANG_ANALYZER_NONNULL = YES;
				CLANG_ANALYZER_NUMBER_OBJECT_CONVERSION = YES_AGGRESSIVE;
				CLANG_CXX_LANGUAGE_STANDARD = "gnu++17";
				CLANG_ENABLE_MODULES = YES;
				CLANG_ENABLE_OBJC_ARC = YES;
				CLANG_ENABLE_OBJC_WEAK = YES;
				CLANG_WARN_BLOCK_CAPTURE_AUTORELEASING = YES;
				CLANG_WARN_BOOL_CONVERSION = YES;
				CLANG_WARN_COMMA = YES;
				CLANG_WARN_CONSTANT_CONVERSION = YES;
				CLANG_WARN_DEPRECATED_OBJC_IMPLEMENTATIONS = YES;
				CLANG_WARN_DIRECT_OBJC_ISA_USAGE = YES_ERROR;
				CLANG_WARN_DOCUMENTATION_COMMENTS = YES;
				CLANG_WARN_EMPTY_BODY = YES;
				CLANG_WARN_ENUM_CONVERSION = YES;
				CLANG_WARN_INFINITE_RECURSION = YES;
				CLANG_WARN_INT_CONVERSION = YES;
				CLANG_WARN_NON_LITERAL_NULL_CONVERSION = YES;
				CLANG_WARN_OBJC_IMPLICIT_RETAIN_SELF = YES;
				CLANG_WARN_OBJC_LITERAL_CONVERSION = YES;
				CLANG_WARN_OBJC_ROOT_CLASS = YES_ERROR;
				CLANG_WARN_QUOTED_INCLUDE_IN_FRAMEWORK_HEADER = YES;
				CLANG_WARN_RANGE_LOOP_ANALYSIS = YES;
				CLANG_WARN_STRICT_PROTOTYPES = YES;
				CLANG_WARN_SUSPICIOUS_MOVE = YES;
				CLANG_WARN_UNGUARDED_AVAILABILITY = YES_AGGRESSIVE;
				CLANG_WARN_UNREACHABLE_CODE = YES;
				CLANG_WARN__DUPLICATE_METHOD_MATCH = YES;
				COPY_PHASE_STRIP = NO;
				DEBUG_INFORMATION_FORMAT = dwarf;
				ENABLE_STRICT_OBJC_MSGSEND = YES;
				ENABLE_TESTABILITY = YES;
				GCC_C_LANGUAGE_STANDARD = gnu11;
				GCC_DYNAMIC_NO_PIC = NO;
				GCC_NO_COMMON_BLOCKS = YES;
				GCC_OPTIMIZATION_LEVEL = 0;
				GCC_PREPROCESSOR_DEFINITIONS = (
					"DEBUG=1",
					"$(inherited)",
				);
				GCC_WARN_64_TO_32_BIT_CONVERSION = YES;
				GCC_WARN_ABOUT_RETURN_TYPE = YES_ERROR;
				GCC_WARN_UNDECLARED_SELECTOR = YES;
				GCC_WARN_UNINITIALIZED_AUTOS = YES_AGGRESSIVE;
				GCC_WARN_UNUSED_FUNCTION = YES;
				GCC_WARN_UNUSED_VARIABLE = YES;
				IPHONEOS_DEPLOYMENT_TARGET = 16.2;
				MTL_ENABLE_DEBUG_INFO = INCLUDE_SOURCE;
				MTL_FAST_MATH = YES;
				ONLY_ACTIVE_ARCH = YES;
				SDKROOT = iphoneos;
				SWIFT_ACTIVE_COMPILATION_CONDITIONS = DEBUG;
				SWIFT_OPTIMIZATION_LEVEL = "-Onone";
			};
			name = Debug;
		};
		97F8F1E12948F3C400F3B9CB /* Release */ = {
			isa = XCBuildConfiguration;
			buildSettings = {
				ALWAYS_SEARCH_USER_PATHS = NO;
				CLANG_ANALYZER_NONNULL = YES;
				CLANG_ANALYZER_NUMBER_OBJECT_CONVERSION = YES_AGGRESSIVE;
				CLANG_CXX_LANGUAGE_STANDARD = "gnu++17";
				CLANG_ENABLE_MODULES = YES;
				CLANG_ENABLE_OBJC_ARC = YES;
				CLANG_ENABLE_OBJC_WEAK = YES;
				CLANG_WARN_BLOCK_CAPTURE_AUTORELEASING = YES;
				CLANG_WARN_BOOL_CONVERSION = YES;
				CLANG_WARN_COMMA = YES;
				CLANG_WARN_CONSTANT_CONVERSION = YES;
				CLANG_WARN_DEPRECATED_OBJC_IMPLEMENTATIONS = YES;
				CLANG_WARN_DIRECT_OBJC_ISA_USAGE = YES_ERROR;
				CLANG_WARN_DOCUMENTATION_COMMENTS = YES;
				CLANG_WARN_EMPTY_BODY = YES;
				CLANG_WARN_ENUM_CONVERSION = YES;
				CLANG_WARN_INFINITE_RECURSION = YES;
				CLANG_WARN_INT_CONVERSION = YES;
				CLANG_WARN_NON_LITERAL_NULL_CONVERSION = YES;
				CLANG_WARN_OBJC_IMPLICIT_RETAIN_SELF = YES;
				CLANG_WARN_OBJC_LITERAL_CONVERSION = YES;
				CLANG_WARN_OBJC_ROOT_CLASS = YES_ERROR;
				CLANG_WARN_QUOTED_INCLUDE_IN_FRAMEWORK_HEADER = YES;
				CLANG_WARN_RANGE_LOOP_ANALYSIS = YES;
				CLANG_WARN_STRICT_PROTOTYPES = YES;
				CLANG_WARN_SUSPICIOUS_MOVE = YES;
				CLANG_WARN_UNGUARDED_AVAILABILITY = YES_AGGRESSIVE;
				CLANG_WARN_UNREACHABLE_CODE = YES;
				CLANG_WARN__DUPLICATE_METHOD_MATCH = YES;
				COPY_PHASE_STRIP = NO;
				DEBUG_INFORMATION_FORMAT = "dwarf-with-dsym";
				ENABLE_NS_ASSERTIONS = NO;
				ENABLE_STRICT_OBJC_MSGSEND = YES;
				GCC_C_LANGUAGE_STANDARD = gnu11;
				GCC_NO_COMMON_BLOCKS = YES;
				GCC_WARN_64_TO_32_BIT_CONVERSION = YES;
				GCC_WARN_ABOUT_RETURN_TYPE = YES_ERROR;
				GCC_WARN_UNDECLARED_SELECTOR = YES;
				GCC_WARN_UNINITIALIZED_AUTOS = YES_AGGRESSIVE;
				GCC_WARN_UNUSED_FUNCTION = YES;
				GCC_WARN_UNUSED_VARIABLE = YES;
				IPHONEOS_DEPLOYMENT_TARGET = 16.2;
				MTL_ENABLE_DEBUG_INFO = NO;
				MTL_FAST_MATH = YES;
				SDKROOT = iphoneos;
				SWIFT_COMPILATION_MODE = wholemodule;
				SWIFT_OPTIMIZATION_LEVEL = "-O";
				VALIDATE_PRODUCT = YES;
			};
			name = Release;
		};
		97F8F1E32948F3C400F3B9CB /* Debug */ = {
			isa = XCBuildConfiguration;
			buildSettings = {
				ASSETCATALOG_COMPILER_APPICON_NAME = AppIcon;
				ASSETCATALOG_COMPILER_GLOBAL_ACCENT_COLOR_NAME = AccentColor;
				CODE_SIGN_STYLE = Automatic;
				CURRENT_PROJECT_VERSION = 1;
				DEVELOPMENT_ASSET_PATHS = "\"FireNotes/Preview Content\"";
				DEVELOPMENT_TEAM = ME637H7ZM9;
				ENABLE_PREVIEWS = YES;
				GCC_NO_COMMON_BLOCKS = NO;
				GENERATE_INFOPLIST_FILE = YES;
				INFOPLIST_KEY_UIApplicationSceneManifest_Generation = YES;
				INFOPLIST_KEY_UIApplicationSupportsIndirectInputEvents = YES;
				INFOPLIST_KEY_UILaunchScreen_Generation = YES;
				INFOPLIST_KEY_UISupportedInterfaceOrientations_iPad = "UIInterfaceOrientationPortrait UIInterfaceOrientationPortraitUpsideDown UIInterfaceOrientationLandscapeLeft UIInterfaceOrientationLandscapeRight";
				INFOPLIST_KEY_UISupportedInterfaceOrientations_iPhone = "UIInterfaceOrientationPortrait UIInterfaceOrientationLandscapeLeft UIInterfaceOrientationLandscapeRight";
				IPHONEOS_DEPLOYMENT_TARGET = 16.2;
				LD_RUNPATH_SEARCH_PATHS = (
					"$(inherited)",
					"@executable_path/Frameworks",
				);
				MARKETING_VERSION = 1.0;
				PRODUCT_BUNDLE_IDENTIFIER = com.dedaInc.FireNotes;
				PRODUCT_NAME = "$(TARGET_NAME)";
				SWIFT_EMIT_LOC_STRINGS = YES;
				SWIFT_VERSION = 5.0;
				TARGETED_DEVICE_FAMILY = 1;
			};
			name = Debug;
		};
		97F8F1E42948F3C400F3B9CB /* Release */ = {
			isa = XCBuildConfiguration;
			buildSettings = {
				ASSETCATALOG_COMPILER_APPICON_NAME = AppIcon;
				ASSETCATALOG_COMPILER_GLOBAL_ACCENT_COLOR_NAME = AccentColor;
				CODE_SIGN_STYLE = Automatic;
				CURRENT_PROJECT_VERSION = 1;
				DEVELOPMENT_ASSET_PATHS = "\"FireNotes/Preview Content\"";
				DEVELOPMENT_TEAM = ME637H7ZM9;
				ENABLE_PREVIEWS = YES;
				GCC_NO_COMMON_BLOCKS = NO;
				GENERATE_INFOPLIST_FILE = YES;
				INFOPLIST_KEY_UIApplicationSceneManifest_Generation = YES;
				INFOPLIST_KEY_UIApplicationSupportsIndirectInputEvents = YES;
				INFOPLIST_KEY_UILaunchScreen_Generation = YES;
				INFOPLIST_KEY_UISupportedInterfaceOrientations_iPad = "UIInterfaceOrientationPortrait UIInterfaceOrientationPortraitUpsideDown UIInterfaceOrientationLandscapeLeft UIInterfaceOrientationLandscapeRight";
				INFOPLIST_KEY_UISupportedInterfaceOrientations_iPhone = "UIInterfaceOrientationPortrait UIInterfaceOrientationLandscapeLeft UIInterfaceOrientationLandscapeRight";
				IPHONEOS_DEPLOYMENT_TARGET = 16.2;
				LD_RUNPATH_SEARCH_PATHS = (
					"$(inherited)",
					"@executable_path/Frameworks",
				);
				MARKETING_VERSION = 1.0;
				PRODUCT_BUNDLE_IDENTIFIER = com.dedaInc.FireNotes;
				PRODUCT_NAME = "$(TARGET_NAME)";
				SWIFT_EMIT_LOC_STRINGS = YES;
				SWIFT_VERSION = 5.0;
				TARGETED_DEVICE_FAMILY = 1;
			};
			name = Release;
		};
/* End XCBuildConfiguration section */

/* Begin XCConfigurationList section */
		97F8F1CF2948F3C100F3B9CB /* Build configuration list for PBXProject "FireNotes" */ = {
			isa = XCConfigurationList;
			buildConfigurations = (
				97F8F1E02948F3C400F3B9CB /* Debug */,
				97F8F1E12948F3C400F3B9CB /* Release */,
			);
			defaultConfigurationIsVisible = 0;
			defaultConfigurationName = Release;
		};
		97F8F1E22948F3C400F3B9CB /* Build configuration list for PBXNativeTarget "FireNotes" */ = {
			isa = XCConfigurationList;
			buildConfigurations = (
				97F8F1E32948F3C400F3B9CB /* Debug */,
				97F8F1E42948F3C400F3B9CB /* Release */,
			);
			defaultConfigurationIsVisible = 0;
			defaultConfigurationName = Release;
		};
/* End XCConfigurationList section */

/* Begin XCRemoteSwiftPackageReference section */
		97EB457B2965F4AA00018ADF /* XCRemoteSwiftPackageReference "swift-identified-collections" */ = {
			isa = XCRemoteSwiftPackageReference;
			repositoryURL = "https://github.com/pointfreeco/swift-identified-collections.git";
			requirement = {
				kind = upToNextMajorVersion;
				minimumVersion = 0.5.0;
			};
		};
		97EB457E2966064200018ADF /* XCRemoteSwiftPackageReference "swift-tagged" */ = {
			isa = XCRemoteSwiftPackageReference;
			repositoryURL = "https://github.com/pointfreeco/swift-tagged.git";
			requirement = {
				kind = upToNextMajorVersion;
				minimumVersion = 0.9.0;
			};
		};
		97F27B0C295F4034008FB09B /* XCRemoteSwiftPackageReference "swiftui-navigation" */ = {
			isa = XCRemoteSwiftPackageReference;
			repositoryURL = "https://github.com/pointfreeco/swiftui-navigation";
			requirement = {
				kind = upToNextMajorVersion;
				minimumVersion = 0.4.5;
			};
		};
/* End XCRemoteSwiftPackageReference section */

/* Begin XCSwiftPackageProductDependency section */
		97EB457C2965F4AA00018ADF /* IdentifiedCollections */ = {
			isa = XCSwiftPackageProductDependency;
			package = 97EB457B2965F4AA00018ADF /* XCRemoteSwiftPackageReference "swift-identified-collections" */;
			productName = IdentifiedCollections;
		};
		97EB457F2966064200018ADF /* Tagged */ = {
			isa = XCSwiftPackageProductDependency;
			package = 97EB457E2966064200018ADF /* XCRemoteSwiftPackageReference "swift-tagged" */;
			productName = Tagged;
		};
		97F27B0D295F4034008FB09B /* SwiftUINavigation */ = {
			isa = XCSwiftPackageProductDependency;
			package = 97F27B0C295F4034008FB09B /* XCRemoteSwiftPackageReference "swiftui-navigation" */;
			productName = SwiftUINavigation;
		};
		97F27B0F295F4034008FB09B /* _SwiftUINavigationState */ = {
			isa = XCSwiftPackageProductDependency;
			package = 97F27B0C295F4034008FB09B /* XCRemoteSwiftPackageReference "swiftui-navigation" */;
			productName = _SwiftUINavigationState;
		};
/* End XCSwiftPackageProductDependency section */
	};
	rootObject = 97F8F1CC2948F3C100F3B9CB /* Project object */;
}
